<?xml version="1.0" encoding="utf-8"?>
<Project ToolsVersion="4.0" xmlns="http://schemas.microsoft.com/developer/msbuild/2003">
  <ItemGroup>
    <Filter Include="Spicy">
      <UniqueIdentifier>{4D281C0E-B93C-44BF-82BE-E71EEE9140F0}</UniqueIdentifier>
    </Filter>
  </ItemGroup>
  <ItemGroup>
    <ClInclude Include="src\Spicy.h" />
    <ClInclude Include="src\Spicy\Application.h">
      <Filter>Spicy</Filter>
    </ClInclude>
    <ClInclude Include="src\Spicy\Core.h">
      <Filter>Spicy</Filter>
    </ClInclude>
    <ClInclude Include="src\Spicy\EntryPoint.h">
      <Filter>Spicy</Filter>
    </ClInclude>
    <ClInclude Include="src\Spicy\Log.h">
      <Filter>Spicy</Filter>
    </ClInclude>
  </ItemGroup>
  <ItemGroup>
    <ClCompile Include="src\Spicy\Application.cpp">
      <Filter>Spicy</Filter>
    </ClCompile>
    <ClCompile Include="src\Spicy\Log.cpp">
      <Filter>Spicy</Filter>
    </ClCompile>
  </ItemGroup>
</Project>