<?xml version="1.0" encoding="utf-8"?>
<Project ToolsVersion="4.0" xmlns="http://schemas.microsoft.com/developer/msbuild/2003">
  <ItemGroup>
    <Filter Include="Platform">
      <UniqueIdentifier>{2AC788B4-1694-E3BF-3FAD-D1672BD9184E}</UniqueIdentifier>
    </Filter>
    <Filter Include="Spicy">
      <UniqueIdentifier>{4D281C0E-B93C-44BF-82BE-E71EEE9140F0}</UniqueIdentifier>
    </Filter>
    <Filter Include="Spicy\Events">
      <UniqueIdentifier>{91DB21BB-7D3E-B15F-26C4-E91512067DE2}</UniqueIdentifier>
    </Filter>
  </ItemGroup>
  <ItemGroup>
    <ClInclude Include="src\Platform\WindowsWindow.h">
      <Filter>Platform</Filter>
    </ClInclude>
    <ClInclude Include="src\Spicy.h" />
    <ClInclude Include="src\Spicy\Application.h">
      <Filter>Spicy</Filter>
    </ClInclude>
    <ClInclude Include="src\Spicy\Core.h">
      <Filter>Spicy</Filter>
    </ClInclude>
    <ClInclude Include="src\Spicy\EntryPoint.h">
      <Filter>Spicy</Filter>
    </ClInclude>
    <ClInclude Include="src\Spicy\Events\ApplicationEvent.h">
      <Filter>Spicy\Events</Filter>
    </ClInclude>
    <ClInclude Include="src\Spicy\Events\Event.h">
      <Filter>Spicy\Events</Filter>
    </ClInclude>
    <ClInclude Include="src\Spicy\Events\KeyEvent.h">
      <Filter>Spicy\Events</Filter>
    </ClInclude>
    <ClInclude Include="src\Spicy\Events\MouseEvent.h">
      <Filter>Spicy\Events</Filter>
    </ClInclude>
    <ClInclude Include="src\Spicy\Layer.h">
      <Filter>Spicy</Filter>
    </ClInclude>
    <ClInclude Include="src\Spicy\LayerStack.h">
      <Filter>Spicy</Filter>
    </ClInclude>
    <ClInclude Include="src\Spicy\Log.h">
      <Filter>Spicy</Filter>
    </ClInclude>
    <ClInclude Include="src\Spicy\Window.h">
      <Filter>Spicy</Filter>
    </ClInclude>
    <ClInclude Include="src\spc_pch.h" />
  </ItemGroup>
  <ItemGroup>
    <ClCompile Include="src\Platform\WindowsWindow.cpp">
      <Filter>Platform</Filter>
    </ClCompile>
    <ClCompile Include="src\Spicy\Application.cpp">
      <Filter>Spicy</Filter>
    </ClCompile>
    <ClCompile Include="src\Spicy\Layer.cpp">
      <Filter>Spicy</Filter>
    </ClCompile>
    <ClCompile Include="src\Spicy\LayerStack.cpp">
      <Filter>Spicy</Filter>
    </ClCompile>
    <ClCompile Include="src\Spicy\Log.cpp">
      <Filter>Spicy</Filter>
    </ClCompile>
    <ClCompile Include="src\spc_pch.cpp" />
  </ItemGroup>
</Project>